// !$*UTF8*$!
{
	archiveVersion = 1;
	classes = {
	};
	objectVersion = 46;
	objects = {

/* Begin PBXBuildFile section */
		9F22B7C819554FCD00DB3B1C /* TwitterClient.m in Sources */ = {isa = PBXBuildFile; fileRef = 9F22B7C719554FCD00DB3B1C /* TwitterClient.m */; };
		9F22B7CC1955F1B500DB3B1C /* loginViewController.m in Sources */ = {isa = PBXBuildFile; fileRef = 9F22B7CA1955F1B500DB3B1C /* loginViewController.m */; };
		9F22B7CD1955F1B500DB3B1C /* loginViewController.xib in Resources */ = {isa = PBXBuildFile; fileRef = 9F22B7CB1955F1B500DB3B1C /* loginViewController.xib */; };
		9F22B7D8195637EF00DB3B1C /* User.m in Sources */ = {isa = PBXBuildFile; fileRef = 9F22B7D7195637EF00DB3B1C /* User.m */; };
		9F22B7DC19563C6600DB3B1C /* TweetsViewController.m in Sources */ = {isa = PBXBuildFile; fileRef = 9F22B7DA19563C6600DB3B1C /* TweetsViewController.m */; };
		9F22B7DD19563C6600DB3B1C /* TweetsViewController.xib in Resources */ = {isa = PBXBuildFile; fileRef = 9F22B7DB19563C6600DB3B1C /* TweetsViewController.xib */; };
		9F22B7E019563CA900DB3B1C /* Tweet.m in Sources */ = {isa = PBXBuildFile; fileRef = 9F22B7DF19563CA900DB3B1C /* Tweet.m */; };
		9F22B7E41956401F00DB3B1C /* TweetViewCell.m in Sources */ = {isa = PBXBuildFile; fileRef = 9F22B7E21956401F00DB3B1C /* TweetViewCell.m */; };
		9F22B7E51956401F00DB3B1C /* TweetViewCell.xib in Resources */ = {isa = PBXBuildFile; fileRef = 9F22B7E31956401F00DB3B1C /* TweetViewCell.xib */; };
		9F22B7F31957ED0500DB3B1C /* ComposeTweetViewController.m in Sources */ = {isa = PBXBuildFile; fileRef = 9F22B7F11957ED0500DB3B1C /* ComposeTweetViewController.m */; };
		9F22B7F41957ED0500DB3B1C /* ComposeTweetViewController.xib in Resources */ = {isa = PBXBuildFile; fileRef = 9F22B7F21957ED0500DB3B1C /* ComposeTweetViewController.xib */; };
		9FC5101A195F6BD400681E7B /* HamburgerViewController.m in Sources */ = {isa = PBXBuildFile; fileRef = 9FC51018195F6BD400681E7B /* HamburgerViewController.m */; };
		9FC5101B195F6BD400681E7B /* HamburgerViewController.xib in Resources */ = {isa = PBXBuildFile; fileRef = 9FC51019195F6BD400681E7B /* HamburgerViewController.xib */; };
		9FC5101F195FE9A500681E7B /* ProfileViewController.m in Sources */ = {isa = PBXBuildFile; fileRef = 9FC5101D195FE9A500681E7B /* ProfileViewController.m */; };
		9FC51020195FE9A500681E7B /* ProfileViewController.xib in Resources */ = {isa = PBXBuildFile; fileRef = 9FC5101E195FE9A500681E7B /* ProfileViewController.xib */; };
		9FDB3F6019582403002201D5 /* TweetDetailsViewController.m in Sources */ = {isa = PBXBuildFile; fileRef = 9FDB3F5E19582403002201D5 /* TweetDetailsViewController.m */; };
		9FDB3F6119582403002201D5 /* TweetDetailsViewController.xib in Resources */ = {isa = PBXBuildFile; fileRef = 9FDB3F5F19582403002201D5 /* TweetDetailsViewController.xib */; };
		9FF85EB6195548D000EE46D8 /* Foundation.framework in Frameworks */ = {isa = PBXBuildFile; fileRef = 9FF85EB5195548D000EE46D8 /* Foundation.framework */; };
		9FF85EB8195548D000EE46D8 /* CoreGraphics.framework in Frameworks */ = {isa = PBXBuildFile; fileRef = 9FF85EB7195548D000EE46D8 /* CoreGraphics.framework */; };
		9FF85EBA195548D000EE46D8 /* UIKit.framework in Frameworks */ = {isa = PBXBuildFile; fileRef = 9FF85EB9195548D000EE46D8 /* UIKit.framework */; };
		9FF85EC0195548D000EE46D8 /* InfoPlist.strings in Resources */ = {isa = PBXBuildFile; fileRef = 9FF85EBE195548D000EE46D8 /* InfoPlist.strings */; };
		9FF85EC2195548D000EE46D8 /* main.m in Sources */ = {isa = PBXBuildFile; fileRef = 9FF85EC1195548D000EE46D8 /* main.m */; };
		9FF85EC6195548D000EE46D8 /* AppDelegate.m in Sources */ = {isa = PBXBuildFile; fileRef = 9FF85EC5195548D000EE46D8 /* AppDelegate.m */; };
		9FF85EC8195548D000EE46D8 /* Images.xcassets in Resources */ = {isa = PBXBuildFile; fileRef = 9FF85EC7195548D000EE46D8 /* Images.xcassets */; };
		9FF85ECF195548D000EE46D8 /* XCTest.framework in Frameworks */ = {isa = PBXBuildFile; fileRef = 9FF85ECE195548D000EE46D8 /* XCTest.framework */; };
		9FF85ED0195548D000EE46D8 /* Foundation.framework in Frameworks */ = {isa = PBXBuildFile; fileRef = 9FF85EB5195548D000EE46D8 /* Foundation.framework */; };
		9FF85ED1195548D000EE46D8 /* UIKit.framework in Frameworks */ = {isa = PBXBuildFile; fileRef = 9FF85EB9195548D000EE46D8 /* UIKit.framework */; };
		9FF85ED9195548D000EE46D8 /* InfoPlist.strings in Resources */ = {isa = PBXBuildFile; fileRef = 9FF85ED7195548D000EE46D8 /* InfoPlist.strings */; };
		9FF85EDB195548D000EE46D8 /* mytwitterTests.m in Sources */ = {isa = PBXBuildFile; fileRef = 9FF85EDA195548D000EE46D8 /* mytwitterTests.m */; };
		AFA513C4166D441A8A4B60EA /* libPods.a in Frameworks */ = {isa = PBXBuildFile; fileRef = 1FACFF6B5BC54975862BC41B /* libPods.a */; };
/* End PBXBuildFile section */

/* Begin PBXContainerItemProxy section */
		9FF85ED2195548D000EE46D8 /* PBXContainerItemProxy */ = {
			isa = PBXContainerItemProxy;
			containerPortal = 9FF85EAA195548D000EE46D8 /* Project object */;
			proxyType = 1;
			remoteGlobalIDString = 9FF85EB1195548D000EE46D8;
			remoteInfo = mytwitter;
		};
/* End PBXContainerItemProxy section */

/* Begin PBXFileReference section */
		1FACFF6B5BC54975862BC41B /* libPods.a */ = {isa = PBXFileReference; explicitFileType = archive.ar; includeInIndex = 0; path = libPods.a; sourceTree = BUILT_PRODUCTS_DIR; };
		5D934A87FBEE43CDA7F02727 /* Pods.xcconfig */ = {isa = PBXFileReference; includeInIndex = 1; lastKnownFileType = text.xcconfig; name = Pods.xcconfig; path = Pods/Pods.xcconfig; sourceTree = "<group>"; };
		9F22B7C619554FCD00DB3B1C /* TwitterClient.h */ = {isa = PBXFileReference; fileEncoding = 4; lastKnownFileType = sourcecode.c.h; name = TwitterClient.h; path = ../TwitterClient.h; sourceTree = "<group>"; };
		9F22B7C719554FCD00DB3B1C /* TwitterClient.m */ = {isa = PBXFileReference; fileEncoding = 4; lastKnownFileType = sourcecode.c.objc; name = TwitterClient.m; path = ../TwitterClient.m; sourceTree = "<group>"; };
		9F22B7C91955F1B500DB3B1C /* loginViewController.h */ = {isa = PBXFileReference; fileEncoding = 4; lastKnownFileType = sourcecode.c.h; path = loginViewController.h; sourceTree = "<group>"; };
		9F22B7CA1955F1B500DB3B1C /* loginViewController.m */ = {isa = PBXFileReference; fileEncoding = 4; lastKnownFileType = sourcecode.c.objc; path = loginViewController.m; sourceTree = "<group>"; };
		9F22B7CB1955F1B500DB3B1C /* loginViewController.xib */ = {isa = PBXFileReference; fileEncoding = 4; lastKnownFileType = file.xib; path = loginViewController.xib; sourceTree = "<group>"; };
		9F22B7D6195637EF00DB3B1C /* User.h */ = {isa = PBXFileReference; fileEncoding = 4; lastKnownFileType = sourcecode.c.h; path = User.h; sourceTree = "<group>"; };
		9F22B7D7195637EF00DB3B1C /* User.m */ = {isa = PBXFileReference; fileEncoding = 4; lastKnownFileType = sourcecode.c.objc; path = User.m; sourceTree = "<group>"; };
		9F22B7D919563C6600DB3B1C /* TweetsViewController.h */ = {isa = PBXFileReference; fileEncoding = 4; lastKnownFileType = sourcecode.c.h; path = TweetsViewController.h; sourceTree = "<group>"; };
		9F22B7DA19563C6600DB3B1C /* TweetsViewController.m */ = {isa = PBXFileReference; fileEncoding = 4; lastKnownFileType = sourcecode.c.objc; path = TweetsViewController.m; sourceTree = "<group>"; };
		9F22B7DB19563C6600DB3B1C /* TweetsViewController.xib */ = {isa = PBXFileReference; fileEncoding = 4; lastKnownFileType = file.xib; path = TweetsViewController.xib; sourceTree = "<group>"; };
		9F22B7DE19563CA900DB3B1C /* Tweet.h */ = {isa = PBXFileReference; fileEncoding = 4; lastKnownFileType = sourcecode.c.h; path = Tweet.h; sourceTree = "<group>"; };
		9F22B7DF19563CA900DB3B1C /* Tweet.m */ = {isa = PBXFileReference; fileEncoding = 4; lastKnownFileType = sourcecode.c.objc; path = Tweet.m; sourceTree = "<group>"; };
		9F22B7E11956401F00DB3B1C /* TweetViewCell.h */ = {isa = PBXFileReference; fileEncoding = 4; lastKnownFileType = sourcecode.c.h; path = TweetViewCell.h; sourceTree = "<group>"; };
		9F22B7E21956401F00DB3B1C /* TweetViewCell.m */ = {isa = PBXFileReference; fileEncoding = 4; lastKnownFileType = sourcecode.c.objc; path = TweetViewCell.m; sourceTree = "<group>"; };
		9F22B7E31956401F00DB3B1C /* TweetViewCell.xib */ = {isa = PBXFileReference; fileEncoding = 4; lastKnownFileType = file.xib; path = TweetViewCell.xib; sourceTree = "<group>"; };
		9F22B7F01957ED0500DB3B1C /* ComposeTweetViewController.h */ = {isa = PBXFileReference; fileEncoding = 4; lastKnownFileType = sourcecode.c.h; path = ComposeTweetViewController.h; sourceTree = "<group>"; };
		9F22B7F11957ED0500DB3B1C /* ComposeTweetViewController.m */ = {isa = PBXFileReference; fileEncoding = 4; lastKnownFileType = sourcecode.c.objc; path = ComposeTweetViewController.m; sourceTree = "<group>"; };
		9F22B7F21957ED0500DB3B1C /* ComposeTweetViewController.xib */ = {isa = PBXFileReference; fileEncoding = 4; lastKnownFileType = file.xib; path = ComposeTweetViewController.xib; sourceTree = "<group>"; };
		9FC51017195F6BD400681E7B /* HamburgerViewController.h */ = {isa = PBXFileReference; fileEncoding = 4; lastKnownFileType = sourcecode.c.h; path = HamburgerViewController.h; sourceTree = "<group>"; };
		9FC51018195F6BD400681E7B /* HamburgerViewController.m */ = {isa = PBXFileReference; fileEncoding = 4; lastKnownFileType = sourcecode.c.objc; path = HamburgerViewController.m; sourceTree = "<group>"; };
		9FC51019195F6BD400681E7B /* HamburgerViewController.xib */ = {isa = PBXFileReference; fileEncoding = 4; lastKnownFileType = file.xib; path = HamburgerViewController.xib; sourceTree = "<group>"; };
		9FC5101C195FE9A500681E7B /* ProfileViewController.h */ = {isa = PBXFileReference; fileEncoding = 4; lastKnownFileType = sourcecode.c.h; path = ProfileViewController.h; sourceTree = "<group>"; };
		9FC5101D195FE9A500681E7B /* ProfileViewController.m */ = {isa = PBXFileReference; fileEncoding = 4; lastKnownFileType = sourcecode.c.objc; path = ProfileViewController.m; sourceTree = "<group>"; };
		9FC5101E195FE9A500681E7B /* ProfileViewController.xib */ = {isa = PBXFileReference; fileEncoding = 4; lastKnownFileType = file.xib; name = ProfileViewController.xib; path = /Users/susavla/git/mytwitter/mytwitter/ProfileViewController.xib; sourceTree = "<absolute>"; };
		9FDB3F5D19582403002201D5 /* TweetDetailsViewController.h */ = {isa = PBXFileReference; fileEncoding = 4; lastKnownFileType = sourcecode.c.h; path = TweetDetailsViewController.h; sourceTree = "<group>"; };
		9FDB3F5E19582403002201D5 /* TweetDetailsViewController.m */ = {isa = PBXFileReference; fileEncoding = 4; lastKnownFileType = sourcecode.c.objc; path = TweetDetailsViewController.m; sourceTree = "<group>"; };
		9FDB3F5F19582403002201D5 /* TweetDetailsViewController.xib */ = {isa = PBXFileReference; fileEncoding = 4; lastKnownFileType = file.xib; path = TweetDetailsViewController.xib; sourceTree = "<group>"; };
		9FF85EB2195548D000EE46D8 /* mytwitter.app */ = {isa = PBXFileReference; explicitFileType = wrapper.application; includeInIndex = 0; path = mytwitter.app; sourceTree = BUILT_PRODUCTS_DIR; };
		9FF85EB5195548D000EE46D8 /* Foundation.framework */ = {isa = PBXFileReference; lastKnownFileType = wrapper.framework; name = Foundation.framework; path = System/Library/Frameworks/Foundation.framework; sourceTree = SDKROOT; };
		9FF85EB7195548D000EE46D8 /* CoreGraphics.framework */ = {isa = PBXFileReference; lastKnownFileType = wrapper.framework; name = CoreGraphics.framework; path = System/Library/Frameworks/CoreGraphics.framework; sourceTree = SDKROOT; };
		9FF85EB9195548D000EE46D8 /* UIKit.framework */ = {isa = PBXFileReference; lastKnownFileType = wrapper.framework; name = UIKit.framework; path = System/Library/Frameworks/UIKit.framework; sourceTree = SDKROOT; };
		9FF85EBD195548D000EE46D8 /* mytwitter-Info.plist */ = {isa = PBXFileReference; lastKnownFileType = text.plist.xml; path = "mytwitter-Info.plist"; sourceTree = "<group>"; };
		9FF85EBF195548D000EE46D8 /* en */ = {isa = PBXFileReference; lastKnownFileType = text.plist.strings; name = en; path = en.lproj/InfoPlist.strings; sourceTree = "<group>"; };
		9FF85EC1195548D000EE46D8 /* main.m */ = {isa = PBXFileReference; lastKnownFileType = sourcecode.c.objc; path = main.m; sourceTree = "<group>"; };
		9FF85EC3195548D000EE46D8 /* mytwitter-Prefix.pch */ = {isa = PBXFileReference; lastKnownFileType = sourcecode.c.h; path = "mytwitter-Prefix.pch"; sourceTree = "<group>"; };
		9FF85EC4195548D000EE46D8 /* AppDelegate.h */ = {isa = PBXFileReference; lastKnownFileType = sourcecode.c.h; path = AppDelegate.h; sourceTree = "<group>"; };
		9FF85EC5195548D000EE46D8 /* AppDelegate.m */ = {isa = PBXFileReference; lastKnownFileType = sourcecode.c.objc; path = AppDelegate.m; sourceTree = "<group>"; };
		9FF85EC7195548D000EE46D8 /* Images.xcassets */ = {isa = PBXFileReference; lastKnownFileType = folder.assetcatalog; path = Images.xcassets; sourceTree = "<group>"; };
		9FF85ECD195548D000EE46D8 /* mytwitterTests.xctest */ = {isa = PBXFileReference; explicitFileType = wrapper.cfbundle; includeInIndex = 0; path = mytwitterTests.xctest; sourceTree = BUILT_PRODUCTS_DIR; };
		9FF85ECE195548D000EE46D8 /* XCTest.framework */ = {isa = PBXFileReference; lastKnownFileType = wrapper.framework; name = XCTest.framework; path = Library/Frameworks/XCTest.framework; sourceTree = DEVELOPER_DIR; };
		9FF85ED6195548D000EE46D8 /* mytwitterTests-Info.plist */ = {isa = PBXFileReference; lastKnownFileType = text.plist.xml; path = "mytwitterTests-Info.plist"; sourceTree = "<group>"; };
		9FF85ED8195548D000EE46D8 /* en */ = {isa = PBXFileReference; lastKnownFileType = text.plist.strings; name = en; path = en.lproj/InfoPlist.strings; sourceTree = "<group>"; };
		9FF85EDA195548D000EE46D8 /* mytwitterTests.m */ = {isa = PBXFileReference; lastKnownFileType = sourcecode.c.objc; path = mytwitterTests.m; sourceTree = "<group>"; };
/* End PBXFileReference section */

/* Begin PBXFrameworksBuildPhase section */
		9FF85EAF195548D000EE46D8 /* Frameworks */ = {
			isa = PBXFrameworksBuildPhase;
			buildActionMask = 2147483647;
			files = (
				9FF85EB8195548D000EE46D8 /* CoreGraphics.framework in Frameworks */,
				9FF85EBA195548D000EE46D8 /* UIKit.framework in Frameworks */,
				9FF85EB6195548D000EE46D8 /* Foundation.framework in Frameworks */,
				AFA513C4166D441A8A4B60EA /* libPods.a in Frameworks */,
			);
			runOnlyForDeploymentPostprocessing = 0;
		};
		9FF85ECA195548D000EE46D8 /* Frameworks */ = {
			isa = PBXFrameworksBuildPhase;
			buildActionMask = 2147483647;
			files = (
				9FF85ECF195548D000EE46D8 /* XCTest.framework in Frameworks */,
				9FF85ED1195548D000EE46D8 /* UIKit.framework in Frameworks */,
				9FF85ED0195548D000EE46D8 /* Foundation.framework in Frameworks */,
			);
			runOnlyForDeploymentPostprocessing = 0;
		};
/* End PBXFrameworksBuildPhase section */

/* Begin PBXGroup section */
		9FDB3F62195A5683002201D5 /* Views */ = {
			isa = PBXGroup;
			children = (
				9F22B7CB1955F1B500DB3B1C /* loginViewController.xib */,
				9F22B7E11956401F00DB3B1C /* TweetViewCell.h */,
				9F22B7E21956401F00DB3B1C /* TweetViewCell.m */,
				9F22B7DB19563C6600DB3B1C /* TweetsViewController.xib */,
				9FDB3F5F19582403002201D5 /* TweetDetailsViewController.xib */,
				9F22B7F21957ED0500DB3B1C /* ComposeTweetViewController.xib */,
				9F22B7E31956401F00DB3B1C /* TweetViewCell.xib */,
			);
			name = Views;
			sourceTree = "<group>";
		};
		9FDB3F63195A56BC002201D5 /* Controllers */ = {
			isa = PBXGroup;
			children = (
				9F22B7D919563C6600DB3B1C /* TweetsViewController.h */,
				9FC51017195F6BD400681E7B /* HamburgerViewController.h */,
				9FC51018195F6BD400681E7B /* HamburgerViewController.m */,
				9FC51019195F6BD400681E7B /* HamburgerViewController.xib */,
				9FC5101C195FE9A500681E7B /* ProfileViewController.h */,
				9FC5101D195FE9A500681E7B /* ProfileViewController.m */,
				9FC5101E195FE9A500681E7B /* ProfileViewController.xib */,
				9F22B7DA19563C6600DB3B1C /* TweetsViewController.m */,
				9F22B7C91955F1B500DB3B1C /* loginViewController.h */,
				9F22B7CA1955F1B500DB3B1C /* loginViewController.m */,
				9F22B7F01957ED0500DB3B1C /* ComposeTweetViewController.h */,
				9F22B7F11957ED0500DB3B1C /* ComposeTweetViewController.m */,
				9FDB3F5D19582403002201D5 /* TweetDetailsViewController.h */,
				9FDB3F5E19582403002201D5 /* TweetDetailsViewController.m */,
			);
			name = Controllers;
			sourceTree = "<group>";
		};
		9FDB3F64195A5722002201D5 /* Models */ = {
			isa = PBXGroup;
			children = (
				9F22B7D6195637EF00DB3B1C /* User.h */,
				9F22B7DE19563CA900DB3B1C /* Tweet.h */,
				9F22B7DF19563CA900DB3B1C /* Tweet.m */,
				9F22B7D7195637EF00DB3B1C /* User.m */,
			);
			name = Models;
			sourceTree = "<group>";
		};
		9FDB3F65195A575A002201D5 /* Networking */ = {
			isa = PBXGroup;
			children = (
				9F22B7C619554FCD00DB3B1C /* TwitterClient.h */,
				9F22B7C719554FCD00DB3B1C /* TwitterClient.m */,
			);
			name = Networking;
			sourceTree = "<group>";
		};
		9FF85EA9195548D000EE46D8 = {
			isa = PBXGroup;
			children = (
				9FF85EBB195548D000EE46D8 /* mytwitter */,
				9FF85ED4195548D000EE46D8 /* mytwitterTests */,
				9FF85EB4195548D000EE46D8 /* Frameworks */,
				9FF85EB3195548D000EE46D8 /* Products */,
				5D934A87FBEE43CDA7F02727 /* Pods.xcconfig */,
			);
			sourceTree = "<group>";
		};
		9FF85EB3195548D000EE46D8 /* Products */ = {
			isa = PBXGroup;
			children = (
				9FF85EB2195548D000EE46D8 /* mytwitter.app */,
				9FF85ECD195548D000EE46D8 /* mytwitterTests.xctest */,
			);
			name = Products;
			sourceTree = "<group>";
		};
		9FF85EB4195548D000EE46D8 /* Frameworks */ = {
			isa = PBXGroup;
			children = (
				9FF85EB5195548D000EE46D8 /* Foundation.framework */,
				9FF85EB7195548D000EE46D8 /* CoreGraphics.framework */,
				9FF85EB9195548D000EE46D8 /* UIKit.framework */,
				9FF85ECE195548D000EE46D8 /* XCTest.framework */,
				1FACFF6B5BC54975862BC41B /* libPods.a */,
			);
			name = Frameworks;
			sourceTree = "<group>";
		};
		9FF85EBB195548D000EE46D8 /* mytwitter */ = {
			isa = PBXGroup;
			children = (
				9FDB3F65195A575A002201D5 /* Networking */,
				9FDB3F62195A5683002201D5 /* Views */,
				9FDB3F63195A56BC002201D5 /* Controllers */,
				9FDB3F64195A5722002201D5 /* Models */,
				9FF85EC4195548D000EE46D8 /* AppDelegate.h */,
				9FF85EC5195548D000EE46D8 /* AppDelegate.m */,
				9FF85EC7195548D000EE46D8 /* Images.xcassets */,
				9FF85EBC195548D000EE46D8 /* Supporting Files */,
			);
			path = mytwitter;
			sourceTree = "<group>";
		};
		9FF85EBC195548D000EE46D8 /* Supporting Files */ = {
			isa = PBXGroup;
			children = (
				9FF85EBD195548D000EE46D8 /* mytwitter-Info.plist */,
				9FF85EBE195548D000EE46D8 /* InfoPlist.strings */,
				9FF85EC1195548D000EE46D8 /* main.m */,
				9FF85EC3195548D000EE46D8 /* mytwitter-Prefix.pch */,
			);
			name = "Supporting Files";
			sourceTree = "<group>";
		};
		9FF85ED4195548D000EE46D8 /* mytwitterTests */ = {
			isa = PBXGroup;
			children = (
				9FF85EDA195548D000EE46D8 /* mytwitterTests.m */,
				9FF85ED5195548D000EE46D8 /* Supporting Files */,
			);
			path = mytwitterTests;
			sourceTree = "<group>";
		};
		9FF85ED5195548D000EE46D8 /* Supporting Files */ = {
			isa = PBXGroup;
			children = (
				9FF85ED6195548D000EE46D8 /* mytwitterTests-Info.plist */,
				9FF85ED7195548D000EE46D8 /* InfoPlist.strings */,
			);
			name = "Supporting Files";
			sourceTree = "<group>";
		};
/* End PBXGroup section */

/* Begin PBXNativeTarget section */
		9FF85EB1195548D000EE46D8 /* mytwitter */ = {
			isa = PBXNativeTarget;
			buildConfigurationList = 9FF85EDE195548D000EE46D8 /* Build configuration list for PBXNativeTarget "mytwitter" */;
			buildPhases = (
				3051BBFC43CF4DEFBE336621 /* Check Pods Manifest.lock */,
				9FF85EAE195548D000EE46D8 /* Sources */,
				9FF85EAF195548D000EE46D8 /* Frameworks */,
				9FF85EB0195548D000EE46D8 /* Resources */,
				812DDD0A22A64234A003A0DE /* Copy Pods Resources */,
			);
			buildRules = (
			);
			dependencies = (
			);
			name = mytwitter;
			productName = mytwitter;
			productReference = 9FF85EB2195548D000EE46D8 /* mytwitter.app */;
			productType = "com.apple.product-type.application";
		};
		9FF85ECC195548D000EE46D8 /* mytwitterTests */ = {
			isa = PBXNativeTarget;
			buildConfigurationList = 9FF85EE1195548D000EE46D8 /* Build configuration list for PBXNativeTarget "mytwitterTests" */;
			buildPhases = (
				9FF85EC9195548D000EE46D8 /* Sources */,
				9FF85ECA195548D000EE46D8 /* Frameworks */,
				9FF85ECB195548D000EE46D8 /* Resources */,
			);
			buildRules = (
			);
			dependencies = (
				9FF85ED3195548D000EE46D8 /* PBXTargetDependency */,
			);
			name = mytwitterTests;
			productName = mytwitterTests;
			productReference = 9FF85ECD195548D000EE46D8 /* mytwitterTests.xctest */;
			productType = "com.apple.product-type.bundle.unit-test";
		};
/* End PBXNativeTarget section */

/* Begin PBXProject section */
		9FF85EAA195548D000EE46D8 /* Project object */ = {
			isa = PBXProject;
			attributes = {
				LastUpgradeCheck = 0510;
				ORGANIZATIONNAME = "Sumit Savla";
				TargetAttributes = {
					9FF85ECC195548D000EE46D8 = {
						TestTargetID = 9FF85EB1195548D000EE46D8;
					};
				};
			};
			buildConfigurationList = 9FF85EAD195548D000EE46D8 /* Build configuration list for PBXProject "mytwitter" */;
			compatibilityVersion = "Xcode 3.2";
			developmentRegion = English;
			hasScannedForEncodings = 0;
			knownRegions = (
				en,
			);
			mainGroup = 9FF85EA9195548D000EE46D8;
			productRefGroup = 9FF85EB3195548D000EE46D8 /* Products */;
			projectDirPath = "";
			projectRoot = "";
			targets = (
				9FF85EB1195548D000EE46D8 /* mytwitter */,
				9FF85ECC195548D000EE46D8 /* mytwitterTests */,
			);
		};
/* End PBXProject section */

/* Begin PBXResourcesBuildPhase section */
		9FF85EB0195548D000EE46D8 /* Resources */ = {
			isa = PBXResourcesBuildPhase;
			buildActionMask = 2147483647;
			files = (
				9FC51020195FE9A500681E7B /* ProfileViewController.xib in Resources */,
				9FC5101B195F6BD400681E7B /* HamburgerViewController.xib in Resources */,
				9F22B7DD19563C6600DB3B1C /* TweetsViewController.xib in Resources */,
				9F22B7CD1955F1B500DB3B1C /* loginViewController.xib in Resources */,
				9F22B7E51956401F00DB3B1C /* TweetViewCell.xib in Resources */,
				9FF85EC0195548D000EE46D8 /* InfoPlist.strings in Resources */,
				9F22B7F41957ED0500DB3B1C /* ComposeTweetViewController.xib in Resources */,
				9FDB3F6119582403002201D5 /* TweetDetailsViewController.xib in Resources */,
				9FF85EC8195548D000EE46D8 /* Images.xcassets in Resources */,
			);
			runOnlyForDeploymentPostprocessing = 0;
		};
		9FF85ECB195548D000EE46D8 /* Resources */ = {
			isa = PBXResourcesBuildPhase;
			buildActionMask = 2147483647;
			files = (
				9FF85ED9195548D000EE46D8 /* InfoPlist.strings in Resources */,
			);
			runOnlyForDeploymentPostprocessing = 0;
		};
/* End PBXResourcesBuildPhase section */

/* Begin PBXShellScriptBuildPhase section */
		3051BBFC43CF4DEFBE336621 /* Check Pods Manifest.lock */ = {
			isa = PBXShellScriptBuildPhase;
			buildActionMask = 2147483647;
			files = (
			);
			inputPaths = (
			);
			name = "Check Pods Manifest.lock";
			outputPaths = (
			);
			runOnlyForDeploymentPostprocessing = 0;
			shellPath = /bin/sh;
			shellScript = "diff \"${PODS_ROOT}/../Podfile.lock\" \"${PODS_ROOT}/Manifest.lock\" > /dev/null\nif [[ $? != 0 ]] ; then\n    cat << EOM\nerror: The sandbox is not in sync with the Podfile.lock. Run 'pod install' or update your CocoaPods installation.\nEOM\n    exit 1\nfi\n";
			showEnvVarsInLog = 0;
		};
		812DDD0A22A64234A003A0DE /* Copy Pods Resources */ = {
			isa = PBXShellScriptBuildPhase;
			buildActionMask = 2147483647;
			files = (
			);
			inputPaths = (
			);
			name = "Copy Pods Resources";
			outputPaths = (
			);
			runOnlyForDeploymentPostprocessing = 0;
			shellPath = /bin/sh;
			shellScript = "\"${SRCROOT}/Pods/Pods-resources.sh\"\n";
			showEnvVarsInLog = 0;
		};
/* End PBXShellScriptBuildPhase section */

/* Begin PBXSourcesBuildPhase section */
		9FF85EAE195548D000EE46D8 /* Sources */ = {
			isa = PBXSourcesBuildPhase;
			buildActionMask = 2147483647;
			files = (
				9F22B7CC1955F1B500DB3B1C /* loginViewController.m in Sources */,
				9F22B7D8195637EF00DB3B1C /* User.m in Sources */,
				9F22B7DC19563C6600DB3B1C /* TweetsViewController.m in Sources */,
				9F22B7F31957ED0500DB3B1C /* ComposeTweetViewController.m in Sources */,
				9F22B7E019563CA900DB3B1C /* Tweet.m in Sources */,
				9FDB3F6019582403002201D5 /* TweetDetailsViewController.m in Sources */,
				9FF85EC6195548D000EE46D8 /* AppDelegate.m in Sources */,
				9F22B7C819554FCD00DB3B1C /* TwitterClient.m in Sources */,
				9F22B7E41956401F00DB3B1C /* TweetViewCell.m in Sources */,
				9FF85EC2195548D000EE46D8 /* main.m in Sources */,
				9FC5101F195FE9A500681E7B /* ProfileViewController.m in Sources */,
				9FC5101A195F6BD400681E7B /* HamburgerViewController.m in Sources */,
			);
			runOnlyForDeploymentPostprocessing = 0;
		};
		9FF85EC9195548D000EE46D8 /* Sources */ = {
			isa = PBXSourcesBuildPhase;
			buildActionMask = 2147483647;
			files = (
				9FF85EDB195548D000EE46D8 /* mytwitterTests.m in Sources */,
			);
			runOnlyForDeploymentPostprocessing = 0;
		};
/* End PBXSourcesBuildPhase section */

/* Begin PBXTargetDependency section */
		9FF85ED3195548D000EE46D8 /* PBXTargetDependency */ = {
			isa = PBXTargetDependency;
			target = 9FF85EB1195548D000EE46D8 /* mytwitter */;
			targetProxy = 9FF85ED2195548D000EE46D8 /* PBXContainerItemProxy */;
		};
/* End PBXTargetDependency section */

/* Begin PBXVariantGroup section */
		9FF85EBE195548D000EE46D8 /* InfoPlist.strings */ = {
			isa = PBXVariantGroup;
			children = (
				9FF85EBF195548D000EE46D8 /* en */,
			);
			name = InfoPlist.strings;
			sourceTree = "<group>";
		};
		9FF85ED7195548D000EE46D8 /* InfoPlist.strings */ = {
			isa = PBXVariantGroup;
			children = (
				9FF85ED8195548D000EE46D8 /* en */,
			);
			name = InfoPlist.strings;
			sourceTree = "<group>";
		};
/* End PBXVariantGroup section */

/* Begin XCBuildConfiguration section */
		9FF85EDC195548D000EE46D8 /* Debug */ = {
			isa = XCBuildConfiguration;
			buildSettings = {
				ALWAYS_SEARCH_USER_PATHS = NO;
				CLANG_CXX_LANGUAGE_STANDARD = "gnu++0x";
				CLANG_CXX_LIBRARY = "libc++";
				CLANG_ENABLE_MODULES = YES;
				CLANG_ENABLE_OBJC_ARC = YES;
				CLANG_WARN_BOOL_CONVERSION = YES;
				CLANG_WARN_CONSTANT_CONVERSION = YES;
				CLANG_WARN_DIRECT_OBJC_ISA_USAGE = YES_ERROR;
				CLANG_WARN_EMPTY_BODY = YES;
				CLANG_WARN_ENUM_CONVERSION = YES;
				CLANG_WARN_INT_CONVERSION = YES;
				CLANG_WARN_OBJC_ROOT_CLASS = YES_ERROR;
				CLANG_WARN__DUPLICATE_METHOD_MATCH = YES;
				"CODE_SIGN_IDENTITY[sdk=iphoneos*]" = "iPhone Developer";
				COPY_PHASE_STRIP = NO;
				GCC_C_LANGUAGE_STANDARD = gnu99;
				GCC_DYNAMIC_NO_PIC = NO;
				GCC_OPTIMIZATION_LEVEL = 0;
				GCC_PREPROCESSOR_DEFINITIONS = (
					"DEBUG=1",
					"$(inherited)",
				);
				GCC_SYMBOLS_PRIVATE_EXTERN = NO;
				GCC_WARN_64_TO_32_BIT_CONVERSION = YES;
				GCC_WARN_ABOUT_RETURN_TYPE = YES_ERROR;
				GCC_WARN_UNDECLARED_SELECTOR = YES;
				GCC_WARN_UNINITIALIZED_AUTOS = YES_AGGRESSIVE;
				GCC_WARN_UNUSED_FUNCTION = YES;
				GCC_WARN_UNUSED_VARIABLE = YES;
				IPHONEOS_DEPLOYMENT_TARGET = 7.1;
				ONLY_ACTIVE_ARCH = YES;
				SDKROOT = iphoneos;
			};
			name = Debug;
		};
		9FF85EDD195548D000EE46D8 /* Release */ = {
			isa = XCBuildConfiguration;
			buildSettings = {
				ALWAYS_SEARCH_USER_PATHS = NO;
				CLANG_CXX_LANGUAGE_STANDARD = "gnu++0x";
				CLANG_CXX_LIBRARY = "libc++";
				CLANG_ENABLE_MODULES = YES;
				CLANG_ENABLE_OBJC_ARC = YES;
				CLANG_WARN_BOOL_CONVERSION = YES;
				CLANG_WARN_CONSTANT_CONVERSION = YES;
				CLANG_WARN_DIRECT_OBJC_ISA_USAGE = YES_ERROR;
				CLANG_WARN_EMPTY_BODY = YES;
				CLANG_WARN_ENUM_CONVERSION = YES;
				CLANG_WARN_INT_CONVERSION = YES;
				CLANG_WARN_OBJC_ROOT_CLASS = YES_ERROR;
				CLANG_WARN__DUPLICATE_METHOD_MATCH = YES;
				"CODE_SIGN_IDENTITY[sdk=iphoneos*]" = "iPhone Developer";
				COPY_PHASE_STRIP = YES;
				ENABLE_NS_ASSERTIONS = NO;
				GCC_C_LANGUAGE_STANDARD = gnu99;
				GCC_WARN_64_TO_32_BIT_CONVERSION = YES;
				GCC_WARN_ABOUT_RETURN_TYPE = YES_ERROR;
				GCC_WARN_UNDECLARED_SELECTOR = YES;
				GCC_WARN_UNINITIALIZED_AUTOS = YES_AGGRESSIVE;
				GCC_WARN_UNUSED_FUNCTION = YES;
				GCC_WARN_UNUSED_VARIABLE = YES;
				IPHONEOS_DEPLOYMENT_TARGET = 7.1;
				SDKROOT = iphoneos;
				VALIDATE_PRODUCT = YES;
			};
			name = Release;
		};
		9FF85EDF195548D000EE46D8 /* Debug */ = {
			isa = XCBuildConfiguration;
			baseConfigurationReference = 5D934A87FBEE43CDA7F02727 /* Pods.xcconfig */;
			buildSettings = {
				ASSETCATALOG_COMPILER_APPICON_NAME = AppIcon;
				ASSETCATALOG_COMPILER_LAUNCHIMAGE_NAME = LaunchImage;
				GCC_PRECOMPILE_PREFIX_HEADER = YES;
				GCC_PREFIX_HEADER = "mytwitter/mytwitter-Prefix.pch";
				INFOPLIST_FILE = "mytwitter/mytwitter-Info.plist";
				PRODUCT_NAME = "$(TARGET_NAME)";
				WRAPPER_EXTENSION = app;
			};
			name = Debug;
		};
		9FF85EE0195548D000EE46D8 /* Release */ = {
			isa = XCBuildConfiguration;
			baseConfigurationReference = 5D934A87FBEE43CDA7F02727 /* Pods.xcconfig */;
			buildSettings = {
				ASSETCATALOG_COMPILER_APPICON_NAME = AppIcon;
				ASSETCATALOG_COMPILER_LAUNCHIMAGE_NAME = LaunchImage;
				GCC_PRECOMPILE_PREFIX_HEADER = YES;
				GCC_PREFIX_HEADER = "mytwitter/mytwitter-Prefix.pch";
				INFOPLIST_FILE = "mytwitter/mytwitter-Info.plist";
				PRODUCT_NAME = "$(TARGET_NAME)";
				WRAPPER_EXTENSION = app;
			};
			name = Release;
		};
		9FF85EE2195548D000EE46D8 /* Debug */ = {
			isa = XCBuildConfiguration;
			buildSettings = {
				BUNDLE_LOADER = "$(BUILT_PRODUCTS_DIR)/mytwitter.app/mytwitter";
				FRAMEWORK_SEARCH_PATHS = (
					"$(SDKROOT)/Developer/Library/Frameworks",
					"$(inherited)",
					"$(DEVELOPER_FRAMEWORKS_DIR)",
				);
				GCC_PRECOMPILE_PREFIX_HEADER = YES;
				GCC_PREFIX_HEADER = "mytwitter/mytwitter-Prefix.pch";
				GCC_PREPROCESSOR_DEFINITIONS = (
					"DEBUG=1",
					"$(inherited)",
				);
				INFOPLIST_FILE = "mytwitterTests/mytwitterTests-Info.plist";
				PRODUCT_NAME = "$(TARGET_NAME)";
				TEST_HOST = "$(BUNDLE_LOADER)";
				WRAPPER_EXTENSION = xctest;
			};
			name = Debug;
		};
		9FF85EE3195548D000EE46D8 /* Release */ = {
			isa = XCBuildConfiguration;
			buildSettings = {
				BUNDLE_LOADER = "$(BUILT_PRODUCTS_DIR)/mytwitter.app/mytwitter";
				FRAMEWORK_SEARCH_PATHS = (
					"$(SDKROOT)/Developer/Library/Frameworks",
					"$(inherited)",
					"$(DEVELOPER_FRAMEWORKS_DIR)",
				);
				GCC_PRECOMPILE_PREFIX_HEADER = YES;
				GCC_PREFIX_HEADER = "mytwitter/mytwitter-Prefix.pch";
				INFOPLIST_FILE = "mytwitterTests/mytwitterTests-Info.plist";
				PRODUCT_NAME = "$(TARGET_NAME)";
				TEST_HOST = "$(BUNDLE_LOADER)";
				WRAPPER_EXTENSION = xctest;
			};
			name = Release;
		};
/* End XCBuildConfiguration section */

/* Begin XCConfigurationList section */
		9FF85EAD195548D000EE46D8 /* Build configuration list for PBXProject "mytwitter" */ = {
			isa = XCConfigurationList;
			buildConfigurations = (
				9FF85EDC195548D000EE46D8 /* Debug */,
				9FF85EDD195548D000EE46D8 /* Release */,
			);
			defaultConfigurationIsVisible = 0;
			defaultConfigurationName = Release;
		};
		9FF85EDE195548D000EE46D8 /* Build configuration list for PBXNativeTarget "mytwitter" */ = {
			isa = XCConfigurationList;
			buildConfigurations = (
				9FF85EDF195548D000EE46D8 /* Debug */,
				9FF85EE0195548D000EE46D8 /* Release */,
			);
			defaultConfigurationIsVisible = 0;
			defaultConfigurationName = Release;
		};
		9FF85EE1195548D000EE46D8 /* Build configuration list for PBXNativeTarget "mytwitterTests" */ = {
			isa = XCConfigurationList;
			buildConfigurations = (
				9FF85EE2195548D000EE46D8 /* Debug */,
				9FF85EE3195548D000EE46D8 /* Release */,
			);
			defaultConfigurationIsVisible = 0;
			defaultConfigurationName = Release;
		};
/* End XCConfigurationList section */
	};
	rootObject = 9FF85EAA195548D000EE46D8 /* Project object */;
}
